// !$*UTF8*$!
{
	archiveVersion = 1;
	classes = {
	};
	objectVersion = 51;
	objects = {

/* Begin PBXBuildFile section */
		1644E78A829BB91F2A6C2E33 /* Pods_observ.framework in Frameworks */ = {isa = PBXBuildFile; fileRef = E91F04EC2F826F25A91BA380 /* Pods_observ.framework */; };
		88824BCAD0999B0821A50AEA /* Pods_observTests.framework in Frameworks */ = {isa = PBXBuildFile; fileRef = 4717A319EFA745FD32C3D98D /* Pods_observTests.framework */; };
		BA11706926C23D9E68257A6A /* Pods_observ_observUITests.framework in Frameworks */ = {isa = PBXBuildFile; fileRef = 06D0D34D57211A6F3C983163 /* Pods_observ_observUITests.framework */; };
		D30CF131257A52F1001C176C /* UIColor+.swift in Sources */ = {isa = PBXBuildFile; fileRef = D30CF130257A52F1001C176C /* UIColor+.swift */; };
		D30CF139257A531E001C176C /* UIColor+hex.swift in Sources */ = {isa = PBXBuildFile; fileRef = D30CF138257A531E001C176C /* UIColor+hex.swift */; };
		D30CF141257A548C001C176C /* String+leftPadding.swift in Sources */ = {isa = PBXBuildFile; fileRef = D30CF140257A548C001C176C /* String+leftPadding.swift */; };
		D30CF149257C7A44001C176C /* RSS.swift in Sources */ = {isa = PBXBuildFile; fileRef = D30CF148257C7A44001C176C /* RSS.swift */; };
		D30CF151257CA79E001C176C /* DateUtils.swift in Sources */ = {isa = PBXBuildFile; fileRef = D30CF150257CA79E001C176C /* DateUtils.swift */; };
		D3106282258229DA00546ECA /* UIImage+resize.swift in Sources */ = {isa = PBXBuildFile; fileRef = D3106281258229DA00546ECA /* UIImage+resize.swift */; };
		D31062AE258238B400546ECA /* HomeViewController.swift in Sources */ = {isa = PBXBuildFile; fileRef = D31062AD258238B400546ECA /* HomeViewController.swift */; };
		D31063312585DEFE00546ECA /* StarModel.swift in Sources */ = {isa = PBXBuildFile; fileRef = D31063302585DEFE00546ECA /* StarModel.swift */; };
		D31063392585E17800546ECA /* UserDefaults+Struct.swift in Sources */ = {isa = PBXBuildFile; fileRef = D31063382585E17800546ECA /* UserDefaults+Struct.swift */; };
		D314B235256A093A00A3FC86 /* AppDelegate.swift in Sources */ = {isa = PBXBuildFile; fileRef = D314B234256A093A00A3FC86 /* AppDelegate.swift */; };
		D314B237256A093A00A3FC86 /* SceneDelegate.swift in Sources */ = {isa = PBXBuildFile; fileRef = D314B236256A093A00A3FC86 /* SceneDelegate.swift */; };
		D314B23C256A093A00A3FC86 /* Main.storyboard in Resources */ = {isa = PBXBuildFile; fileRef = D314B23A256A093A00A3FC86 /* Main.storyboard */; };
		D314B23E256A093D00A3FC86 /* Assets.xcassets in Resources */ = {isa = PBXBuildFile; fileRef = D314B23D256A093D00A3FC86 /* Assets.xcassets */; };
		D314B241256A093D00A3FC86 /* LaunchScreen.storyboard in Resources */ = {isa = PBXBuildFile; fileRef = D314B23F256A093D00A3FC86 /* LaunchScreen.storyboard */; };
		D314B24C256A093D00A3FC86 /* observTests.swift in Sources */ = {isa = PBXBuildFile; fileRef = D314B24B256A093D00A3FC86 /* observTests.swift */; };
		D314B257256A093D00A3FC86 /* observUITests.swift in Sources */ = {isa = PBXBuildFile; fileRef = D314B256256A093D00A3FC86 /* observUITests.swift */; };
		D314B269256A098E00A3FC86 /* ZennRSS.swift in Sources */ = {isa = PBXBuildFile; fileRef = D314B268256A098E00A3FC86 /* ZennRSS.swift */; };
		D314B273256CEBC200A3FC86 /* Article.swift in Sources */ = {isa = PBXBuildFile; fileRef = D314B272256CEBC200A3FC86 /* Article.swift */; };
		D317C6D7257124D1001E8B26 /* ArticleTableViewCell.swift in Sources */ = {isa = PBXBuildFile; fileRef = D317C6D5257124D1001E8B26 /* ArticleTableViewCell.swift */; };
		D317C6D8257124D1001E8B26 /* ArticleTableViewCell.xib in Resources */ = {isa = PBXBuildFile; fileRef = D317C6D6257124D1001E8B26 /* ArticleTableViewCell.xib */; };
		D3B21CC3258EEAE2002A170D /* StarViewController.swift in Sources */ = {isa = PBXBuildFile; fileRef = D3B21CC2258EEAE2002A170D /* StarViewController.swift */; };
		D3B21CC8258EEE37002A170D /* HomePresenter.swift in Sources */ = {isa = PBXBuildFile; fileRef = D3B21CC7258EEE37002A170D /* HomePresenter.swift */; };
		D3B21D15258F1844002A170D /* CustomTabBarController.swift in Sources */ = {isa = PBXBuildFile; fileRef = D3B21D14258F1844002A170D /* CustomTabBarController.swift */; };
		D3B21D3C258F8AD5002A170D /* StarPresenter.swift in Sources */ = {isa = PBXBuildFile; fileRef = D3B21D3B258F8AD5002A170D /* StarPresenter.swift */; };
/* End PBXBuildFile section */

/* Begin PBXContainerItemProxy section */
		D314B248256A093D00A3FC86 /* PBXContainerItemProxy */ = {
			isa = PBXContainerItemProxy;
			containerPortal = D314B229256A093A00A3FC86 /* Project object */;
			proxyType = 1;
			remoteGlobalIDString = D314B230256A093A00A3FC86;
			remoteInfo = observ;
		};
		D314B253256A093D00A3FC86 /* PBXContainerItemProxy */ = {
			isa = PBXContainerItemProxy;
			containerPortal = D314B229256A093A00A3FC86 /* Project object */;
			proxyType = 1;
			remoteGlobalIDString = D314B230256A093A00A3FC86;
			remoteInfo = observ;
		};
/* End PBXContainerItemProxy section */

/* Begin PBXFileReference section */
		06D0D34D57211A6F3C983163 /* Pods_observ_observUITests.framework */ = {isa = PBXFileReference; explicitFileType = wrapper.framework; includeInIndex = 0; path = Pods_observ_observUITests.framework; sourceTree = BUILT_PRODUCTS_DIR; };
		08425140C460100693FCCE7E /* Pods-observ-observUITests.release.xcconfig */ = {isa = PBXFileReference; includeInIndex = 1; lastKnownFileType = text.xcconfig; name = "Pods-observ-observUITests.release.xcconfig"; path = "Target Support Files/Pods-observ-observUITests/Pods-observ-observUITests.release.xcconfig"; sourceTree = "<group>"; };
		23C6EFFBF5491E90AA252359 /* Pods-observTests.debug.xcconfig */ = {isa = PBXFileReference; includeInIndex = 1; lastKnownFileType = text.xcconfig; name = "Pods-observTests.debug.xcconfig"; path = "Target Support Files/Pods-observTests/Pods-observTests.debug.xcconfig"; sourceTree = "<group>"; };
		4717A319EFA745FD32C3D98D /* Pods_observTests.framework */ = {isa = PBXFileReference; explicitFileType = wrapper.framework; includeInIndex = 0; path = Pods_observTests.framework; sourceTree = BUILT_PRODUCTS_DIR; };
		7B12D528AC2691431E51B2CB /* Pods-observ-observUITests.debug.xcconfig */ = {isa = PBXFileReference; includeInIndex = 1; lastKnownFileType = text.xcconfig; name = "Pods-observ-observUITests.debug.xcconfig"; path = "Target Support Files/Pods-observ-observUITests/Pods-observ-observUITests.debug.xcconfig"; sourceTree = "<group>"; };
		B90E963C1AE9B4D848F64752 /* Pods-observ.debug.xcconfig */ = {isa = PBXFileReference; includeInIndex = 1; lastKnownFileType = text.xcconfig; name = "Pods-observ.debug.xcconfig"; path = "Target Support Files/Pods-observ/Pods-observ.debug.xcconfig"; sourceTree = "<group>"; };
		BE5C799414B41CFCBBF37F16 /* Pods-observTests.release.xcconfig */ = {isa = PBXFileReference; includeInIndex = 1; lastKnownFileType = text.xcconfig; name = "Pods-observTests.release.xcconfig"; path = "Target Support Files/Pods-observTests/Pods-observTests.release.xcconfig"; sourceTree = "<group>"; };
		D30CF130257A52F1001C176C /* UIColor+.swift */ = {isa = PBXFileReference; lastKnownFileType = sourcecode.swift; path = "UIColor+.swift"; sourceTree = "<group>"; };
		D30CF138257A531E001C176C /* UIColor+hex.swift */ = {isa = PBXFileReference; lastKnownFileType = sourcecode.swift; path = "UIColor+hex.swift"; sourceTree = "<group>"; };
		D30CF140257A548C001C176C /* String+leftPadding.swift */ = {isa = PBXFileReference; lastKnownFileType = sourcecode.swift; path = "String+leftPadding.swift"; sourceTree = "<group>"; };
		D30CF148257C7A44001C176C /* RSS.swift */ = {isa = PBXFileReference; lastKnownFileType = sourcecode.swift; path = RSS.swift; sourceTree = "<group>"; };
		D30CF150257CA79E001C176C /* DateUtils.swift */ = {isa = PBXFileReference; lastKnownFileType = sourcecode.swift; path = DateUtils.swift; sourceTree = "<group>"; };
		D3106281258229DA00546ECA /* UIImage+resize.swift */ = {isa = PBXFileReference; lastKnownFileType = sourcecode.swift; path = "UIImage+resize.swift"; sourceTree = "<group>"; };
		D31062AD258238B400546ECA /* HomeViewController.swift */ = {isa = PBXFileReference; lastKnownFileType = sourcecode.swift; path = HomeViewController.swift; sourceTree = "<group>"; };
		D31063302585DEFE00546ECA /* StarModel.swift */ = {isa = PBXFileReference; lastKnownFileType = sourcecode.swift; path = StarModel.swift; sourceTree = "<group>"; };
		D31063382585E17800546ECA /* UserDefaults+Struct.swift */ = {isa = PBXFileReference; lastKnownFileType = sourcecode.swift; path = "UserDefaults+Struct.swift"; sourceTree = "<group>"; };
		D314B231256A093A00A3FC86 /* observ.app */ = {isa = PBXFileReference; explicitFileType = wrapper.application; includeInIndex = 0; path = observ.app; sourceTree = BUILT_PRODUCTS_DIR; };
		D314B234256A093A00A3FC86 /* AppDelegate.swift */ = {isa = PBXFileReference; lastKnownFileType = sourcecode.swift; path = AppDelegate.swift; sourceTree = "<group>"; };
		D314B236256A093A00A3FC86 /* SceneDelegate.swift */ = {isa = PBXFileReference; lastKnownFileType = sourcecode.swift; path = SceneDelegate.swift; sourceTree = "<group>"; };
		D314B23B256A093A00A3FC86 /* Base */ = {isa = PBXFileReference; lastKnownFileType = file.storyboard; name = Base; path = Base.lproj/Main.storyboard; sourceTree = "<group>"; };
		D314B23D256A093D00A3FC86 /* Assets.xcassets */ = {isa = PBXFileReference; lastKnownFileType = folder.assetcatalog; path = Assets.xcassets; sourceTree = "<group>"; };
		D314B240256A093D00A3FC86 /* Base */ = {isa = PBXFileReference; lastKnownFileType = file.storyboard; name = Base; path = Base.lproj/LaunchScreen.storyboard; sourceTree = "<group>"; };
		D314B242256A093D00A3FC86 /* Info.plist */ = {isa = PBXFileReference; lastKnownFileType = text.plist.xml; path = Info.plist; sourceTree = "<group>"; };
		D314B247256A093D00A3FC86 /* observTests.xctest */ = {isa = PBXFileReference; explicitFileType = wrapper.cfbundle; includeInIndex = 0; path = observTests.xctest; sourceTree = BUILT_PRODUCTS_DIR; };
		D314B24B256A093D00A3FC86 /* observTests.swift */ = {isa = PBXFileReference; lastKnownFileType = sourcecode.swift; path = observTests.swift; sourceTree = "<group>"; };
		D314B24D256A093D00A3FC86 /* Info.plist */ = {isa = PBXFileReference; lastKnownFileType = text.plist.xml; path = Info.plist; sourceTree = "<group>"; };
		D314B252256A093D00A3FC86 /* observUITests.xctest */ = {isa = PBXFileReference; explicitFileType = wrapper.cfbundle; includeInIndex = 0; path = observUITests.xctest; sourceTree = BUILT_PRODUCTS_DIR; };
		D314B256256A093D00A3FC86 /* observUITests.swift */ = {isa = PBXFileReference; lastKnownFileType = sourcecode.swift; path = observUITests.swift; sourceTree = "<group>"; };
		D314B258256A093D00A3FC86 /* Info.plist */ = {isa = PBXFileReference; lastKnownFileType = text.plist.xml; path = Info.plist; sourceTree = "<group>"; };
		D314B268256A098E00A3FC86 /* ZennRSS.swift */ = {isa = PBXFileReference; lastKnownFileType = sourcecode.swift; path = ZennRSS.swift; sourceTree = "<group>"; };
		D314B272256CEBC200A3FC86 /* Article.swift */ = {isa = PBXFileReference; lastKnownFileType = sourcecode.swift; path = Article.swift; sourceTree = "<group>"; };
		D317C6D5257124D1001E8B26 /* ArticleTableViewCell.swift */ = {isa = PBXFileReference; lastKnownFileType = sourcecode.swift; path = ArticleTableViewCell.swift; sourceTree = "<group>"; };
		D317C6D6257124D1001E8B26 /* ArticleTableViewCell.xib */ = {isa = PBXFileReference; lastKnownFileType = file.xib; path = ArticleTableViewCell.xib; sourceTree = "<group>"; };
		D3B21CC2258EEAE2002A170D /* StarViewController.swift */ = {isa = PBXFileReference; lastKnownFileType = sourcecode.swift; path = StarViewController.swift; sourceTree = "<group>"; };
		D3B21CC7258EEE37002A170D /* HomePresenter.swift */ = {isa = PBXFileReference; lastKnownFileType = sourcecode.swift; path = HomePresenter.swift; sourceTree = "<group>"; };
		D3B21D14258F1844002A170D /* CustomTabBarController.swift */ = {isa = PBXFileReference; lastKnownFileType = sourcecode.swift; path = CustomTabBarController.swift; sourceTree = "<group>"; };
		D3B21D28258F7586002A170D /* observ.entitlements */ = {isa = PBXFileReference; lastKnownFileType = text.plist.entitlements; path = observ.entitlements; sourceTree = "<group>"; };
		D3B21D3B258F8AD5002A170D /* StarPresenter.swift */ = {isa = PBXFileReference; lastKnownFileType = sourcecode.swift; path = StarPresenter.swift; sourceTree = "<group>"; };
		D964EDAE7CDD5EA585A4CC32 /* Pods-observ.release.xcconfig */ = {isa = PBXFileReference; includeInIndex = 1; lastKnownFileType = text.xcconfig; name = "Pods-observ.release.xcconfig"; path = "Target Support Files/Pods-observ/Pods-observ.release.xcconfig"; sourceTree = "<group>"; };
		E91F04EC2F826F25A91BA380 /* Pods_observ.framework */ = {isa = PBXFileReference; explicitFileType = wrapper.framework; includeInIndex = 0; path = Pods_observ.framework; sourceTree = BUILT_PRODUCTS_DIR; };
/* End PBXFileReference section */

/* Begin PBXFrameworksBuildPhase section */
		D314B22E256A093A00A3FC86 /* Frameworks */ = {
			isa = PBXFrameworksBuildPhase;
			buildActionMask = 2147483647;
			files = (
				1644E78A829BB91F2A6C2E33 /* Pods_observ.framework in Frameworks */,
			);
			runOnlyForDeploymentPostprocessing = 0;
		};
		D314B244256A093D00A3FC86 /* Frameworks */ = {
			isa = PBXFrameworksBuildPhase;
			buildActionMask = 2147483647;
			files = (
				88824BCAD0999B0821A50AEA /* Pods_observTests.framework in Frameworks */,
			);
			runOnlyForDeploymentPostprocessing = 0;
		};
		D314B24F256A093D00A3FC86 /* Frameworks */ = {
			isa = PBXFrameworksBuildPhase;
			buildActionMask = 2147483647;
			files = (
				BA11706926C23D9E68257A6A /* Pods_observ_observUITests.framework in Frameworks */,
			);
			runOnlyForDeploymentPostprocessing = 0;
		};
/* End PBXFrameworksBuildPhase section */

/* Begin PBXGroup section */
		69E1259604A2C6B185222091 /* Pods */ = {
			isa = PBXGroup;
			children = (
				B90E963C1AE9B4D848F64752 /* Pods-observ.debug.xcconfig */,
				D964EDAE7CDD5EA585A4CC32 /* Pods-observ.release.xcconfig */,
				7B12D528AC2691431E51B2CB /* Pods-observ-observUITests.debug.xcconfig */,
				08425140C460100693FCCE7E /* Pods-observ-observUITests.release.xcconfig */,
				23C6EFFBF5491E90AA252359 /* Pods-observTests.debug.xcconfig */,
				BE5C799414B41CFCBBF37F16 /* Pods-observTests.release.xcconfig */,
			);
			path = Pods;
			sourceTree = "<group>";
		};
		BAD96C1F279442F83BEE3D1C /* Frameworks */ = {
			isa = PBXGroup;
			children = (
				E91F04EC2F826F25A91BA380 /* Pods_observ.framework */,
				06D0D34D57211A6F3C983163 /* Pods_observ_observUITests.framework */,
				4717A319EFA745FD32C3D98D /* Pods_observTests.framework */,
			);
			name = Frameworks;
			sourceTree = "<group>";
		};
		D30CF12F257A52E1001C176C /* Extensions */ = {
			isa = PBXGroup;
			children = (
				D30CF130257A52F1001C176C /* UIColor+.swift */,
				D30CF138257A531E001C176C /* UIColor+hex.swift */,
				D30CF140257A548C001C176C /* String+leftPadding.swift */,
				D30CF150257CA79E001C176C /* DateUtils.swift */,
				D3106281258229DA00546ECA /* UIImage+resize.swift */,
				D31063382585E17800546ECA /* UserDefaults+Struct.swift */,
			);
			path = Extensions;
			sourceTree = "<group>";
		};
		D310632F2585DE1600546ECA /* Model */ = {
			isa = PBXGroup;
			children = (
				D31063302585DEFE00546ECA /* StarModel.swift */,
			);
			path = Model;
			sourceTree = "<group>";
		};
		D314B228256A093A00A3FC86 = {
			isa = PBXGroup;
			children = (
				D314B233256A093A00A3FC86 /* observ */,
				D314B24A256A093D00A3FC86 /* observTests */,
				D314B255256A093D00A3FC86 /* observUITests */,
				D314B232256A093A00A3FC86 /* Products */,
				69E1259604A2C6B185222091 /* Pods */,
				BAD96C1F279442F83BEE3D1C /* Frameworks */,
			);
			sourceTree = "<group>";
		};
		D314B232256A093A00A3FC86 /* Products */ = {
			isa = PBXGroup;
			children = (
				D314B231256A093A00A3FC86 /* observ.app */,
				D314B247256A093D00A3FC86 /* observTests.xctest */,
				D314B252256A093D00A3FC86 /* observUITests.xctest */,
			);
			name = Products;
			sourceTree = "<group>";
		};
		D314B233256A093A00A3FC86 /* observ */ = {
			isa = PBXGroup;
			children = (
				D3B21D28258F7586002A170D /* observ.entitlements */,
				D310632F2585DE1600546ECA /* Model */,
				D30CF12F257A52E1001C176C /* Extensions */,
				D314B270256CEB7600A3FC86 /* Struct */,
				D314B267256A097D00A3FC86 /* rss */,
				D3B21D19258F1D0B002A170D /* Presenter */,
				D3300D9B2571218400A37EA6 /* Views */,
				D314B234256A093A00A3FC86 /* AppDelegate.swift */,
				D314B236256A093A00A3FC86 /* SceneDelegate.swift */,
				D314B23A256A093A00A3FC86 /* Main.storyboard */,
				D314B23D256A093D00A3FC86 /* Assets.xcassets */,
				D314B23F256A093D00A3FC86 /* LaunchScreen.storyboard */,
				D314B242256A093D00A3FC86 /* Info.plist */,
				D3B21D14258F1844002A170D /* CustomTabBarController.swift */,
			);
			path = observ;
			sourceTree = "<group>";
		};
		D314B24A256A093D00A3FC86 /* observTests */ = {
			isa = PBXGroup;
			children = (
				D314B24B256A093D00A3FC86 /* observTests.swift */,
				D314B24D256A093D00A3FC86 /* Info.plist */,
			);
			path = observTests;
			sourceTree = "<group>";
		};
		D314B255256A093D00A3FC86 /* observUITests */ = {
			isa = PBXGroup;
			children = (
				D314B256256A093D00A3FC86 /* observUITests.swift */,
				D314B258256A093D00A3FC86 /* Info.plist */,
			);
			path = observUITests;
			sourceTree = "<group>";
		};
		D314B267256A097D00A3FC86 /* rss */ = {
			isa = PBXGroup;
			children = (
				D314B268256A098E00A3FC86 /* ZennRSS.swift */,
				D30CF148257C7A44001C176C /* RSS.swift */,
			);
			path = rss;
			sourceTree = "<group>";
		};
		D314B270256CEB7600A3FC86 /* Struct */ = {
			isa = PBXGroup;
			children = (
				D314B272256CEBC200A3FC86 /* Article.swift */,
			);
			path = Struct;
			sourceTree = "<group>";
		};
		D3300D9B2571218400A37EA6 /* Views */ = {
			isa = PBXGroup;
			children = (
				D3300DA22571229500A37EA6 /* Cells */,
				D31062AD258238B400546ECA /* HomeViewController.swift */,
				D3B21CC2258EEAE2002A170D /* StarViewController.swift */,
			);
			path = Views;
			sourceTree = "<group>";
		};
		D3300DA22571229500A37EA6 /* Cells */ = {
			isa = PBXGroup;
			children = (
				D317C6D5257124D1001E8B26 /* ArticleTableViewCell.swift */,
				D317C6D6257124D1001E8B26 /* ArticleTableViewCell.xib */,
			);
			path = Cells;
			sourceTree = "<group>";
		};
		D3B21D19258F1D0B002A170D /* Presenter */ = {
			isa = PBXGroup;
			children = (
				D3B21CC7258EEE37002A170D /* HomePresenter.swift */,
				D3B21D3B258F8AD5002A170D /* StarPresenter.swift */,
			);
			path = Presenter;
			sourceTree = "<group>";
		};
/* End PBXGroup section */

/* Begin PBXNativeTarget section */
		D314B230256A093A00A3FC86 /* observ */ = {
			isa = PBXNativeTarget;
			buildConfigurationList = D314B25B256A093D00A3FC86 /* Build configuration list for PBXNativeTarget "observ" */;
			buildPhases = (
				DB2C19756CC288CBFDE0158E /* [CP] Check Pods Manifest.lock */,
				D314B22D256A093A00A3FC86 /* Sources */,
				D314B22E256A093A00A3FC86 /* Frameworks */,
				D314B22F256A093A00A3FC86 /* Resources */,
				FA01C590B858534EB377E917 /* [CP] Embed Pods Frameworks */,
			);
			buildRules = (
			);
			dependencies = (
			);
			name = observ;
			productName = observ;
			productReference = D314B231256A093A00A3FC86 /* observ.app */;
			productType = "com.apple.product-type.application";
		};
		D314B246256A093D00A3FC86 /* observTests */ = {
			isa = PBXNativeTarget;
			buildConfigurationList = D314B25E256A093D00A3FC86 /* Build configuration list for PBXNativeTarget "observTests" */;
			buildPhases = (
				460AA8AD28357CB64495EB17 /* [CP] Check Pods Manifest.lock */,
				D314B243256A093D00A3FC86 /* Sources */,
				D314B244256A093D00A3FC86 /* Frameworks */,
				D314B245256A093D00A3FC86 /* Resources */,
			);
			buildRules = (
			);
			dependencies = (
				D314B249256A093D00A3FC86 /* PBXTargetDependency */,
			);
			name = observTests;
			productName = observTests;
			productReference = D314B247256A093D00A3FC86 /* observTests.xctest */;
			productType = "com.apple.product-type.bundle.unit-test";
		};
		D314B251256A093D00A3FC86 /* observUITests */ = {
			isa = PBXNativeTarget;
			buildConfigurationList = D314B261256A093D00A3FC86 /* Build configuration list for PBXNativeTarget "observUITests" */;
			buildPhases = (
				840E7DBB0F1AAE72C9ACCC1E /* [CP] Check Pods Manifest.lock */,
				D314B24E256A093D00A3FC86 /* Sources */,
				D314B24F256A093D00A3FC86 /* Frameworks */,
				D314B250256A093D00A3FC86 /* Resources */,
				D189570A382016A58A9ECDBE /* [CP] Embed Pods Frameworks */,
			);
			buildRules = (
			);
			dependencies = (
				D314B254256A093D00A3FC86 /* PBXTargetDependency */,
			);
			name = observUITests;
			productName = observUITests;
			productReference = D314B252256A093D00A3FC86 /* observUITests.xctest */;
			productType = "com.apple.product-type.bundle.ui-testing";
		};
/* End PBXNativeTarget section */

/* Begin PBXProject section */
		D314B229256A093A00A3FC86 /* Project object */ = {
			isa = PBXProject;
			attributes = {
				LastSwiftUpdateCheck = 1210;
				LastUpgradeCheck = 1210;
				TargetAttributes = {
					D314B230256A093A00A3FC86 = {
						CreatedOnToolsVersion = 12.1;
					};
					D314B246256A093D00A3FC86 = {
						CreatedOnToolsVersion = 12.1;
						TestTargetID = D314B230256A093A00A3FC86;
					};
					D314B251256A093D00A3FC86 = {
						CreatedOnToolsVersion = 12.1;
						TestTargetID = D314B230256A093A00A3FC86;
					};
				};
			};
			buildConfigurationList = D314B22C256A093A00A3FC86 /* Build configuration list for PBXProject "observ" */;
			compatibilityVersion = "Xcode 9.3";
			developmentRegion = en;
			hasScannedForEncodings = 0;
			knownRegions = (
				en,
				Base,
			);
			mainGroup = D314B228256A093A00A3FC86;
			productRefGroup = D314B232256A093A00A3FC86 /* Products */;
			projectDirPath = "";
			projectRoot = "";
			targets = (
				D314B230256A093A00A3FC86 /* observ */,
				D314B246256A093D00A3FC86 /* observTests */,
				D314B251256A093D00A3FC86 /* observUITests */,
			);
		};
/* End PBXProject section */

/* Begin PBXResourcesBuildPhase section */
		D314B22F256A093A00A3FC86 /* Resources */ = {
			isa = PBXResourcesBuildPhase;
			buildActionMask = 2147483647;
			files = (
				D317C6D8257124D1001E8B26 /* ArticleTableViewCell.xib in Resources */,
				D314B241256A093D00A3FC86 /* LaunchScreen.storyboard in Resources */,
				D314B23E256A093D00A3FC86 /* Assets.xcassets in Resources */,
				D314B23C256A093A00A3FC86 /* Main.storyboard in Resources */,
			);
			runOnlyForDeploymentPostprocessing = 0;
		};
		D314B245256A093D00A3FC86 /* Resources */ = {
			isa = PBXResourcesBuildPhase;
			buildActionMask = 2147483647;
			files = (
			);
			runOnlyForDeploymentPostprocessing = 0;
		};
		D314B250256A093D00A3FC86 /* Resources */ = {
			isa = PBXResourcesBuildPhase;
			buildActionMask = 2147483647;
			files = (
			);
			runOnlyForDeploymentPostprocessing = 0;
		};
/* End PBXResourcesBuildPhase section */

/* Begin PBXShellScriptBuildPhase section */
		460AA8AD28357CB64495EB17 /* [CP] Check Pods Manifest.lock */ = {
			isa = PBXShellScriptBuildPhase;
			buildActionMask = 2147483647;
			files = (
			);
			inputFileListPaths = (
			);
			inputPaths = (
				"${PODS_PODFILE_DIR_PATH}/Podfile.lock",
				"${PODS_ROOT}/Manifest.lock",
			);
			name = "[CP] Check Pods Manifest.lock";
			outputFileListPaths = (
			);
			outputPaths = (
				"$(DERIVED_FILE_DIR)/Pods-observTests-checkManifestLockResult.txt",
			);
			runOnlyForDeploymentPostprocessing = 0;
			shellPath = /bin/sh;
			shellScript = "diff \"${PODS_PODFILE_DIR_PATH}/Podfile.lock\" \"${PODS_ROOT}/Manifest.lock\" > /dev/null\nif [ $? != 0 ] ; then\n    # print error to STDERR\n    echo \"error: The sandbox is not in sync with the Podfile.lock. Run 'pod install' or update your CocoaPods installation.\" >&2\n    exit 1\nfi\n# This output is used by Xcode 'outputs' to avoid re-running this script phase.\necho \"SUCCESS\" > \"${SCRIPT_OUTPUT_FILE_0}\"\n";
			showEnvVarsInLog = 0;
		};
		840E7DBB0F1AAE72C9ACCC1E /* [CP] Check Pods Manifest.lock */ = {
			isa = PBXShellScriptBuildPhase;
			buildActionMask = 2147483647;
			files = (
			);
			inputFileListPaths = (
			);
			inputPaths = (
				"${PODS_PODFILE_DIR_PATH}/Podfile.lock",
				"${PODS_ROOT}/Manifest.lock",
			);
			name = "[CP] Check Pods Manifest.lock";
			outputFileListPaths = (
			);
			outputPaths = (
				"$(DERIVED_FILE_DIR)/Pods-observ-observUITests-checkManifestLockResult.txt",
			);
			runOnlyForDeploymentPostprocessing = 0;
			shellPath = /bin/sh;
			shellScript = "diff \"${PODS_PODFILE_DIR_PATH}/Podfile.lock\" \"${PODS_ROOT}/Manifest.lock\" > /dev/null\nif [ $? != 0 ] ; then\n    # print error to STDERR\n    echo \"error: The sandbox is not in sync with the Podfile.lock. Run 'pod install' or update your CocoaPods installation.\" >&2\n    exit 1\nfi\n# This output is used by Xcode 'outputs' to avoid re-running this script phase.\necho \"SUCCESS\" > \"${SCRIPT_OUTPUT_FILE_0}\"\n";
			showEnvVarsInLog = 0;
		};
		D189570A382016A58A9ECDBE /* [CP] Embed Pods Frameworks */ = {
			isa = PBXShellScriptBuildPhase;
			buildActionMask = 2147483647;
			files = (
			);
			inputFileListPaths = (
				"${PODS_ROOT}/Target Support Files/Pods-observ-observUITests/Pods-observ-observUITests-frameworks-${CONFIGURATION}-input-files.xcfilelist",
			);
			name = "[CP] Embed Pods Frameworks";
			outputFileListPaths = (
				"${PODS_ROOT}/Target Support Files/Pods-observ-observUITests/Pods-observ-observUITests-frameworks-${CONFIGURATION}-output-files.xcfilelist",
			);
			runOnlyForDeploymentPostprocessing = 0;
			shellPath = /bin/sh;
			shellScript = "\"${PODS_ROOT}/Target Support Files/Pods-observ-observUITests/Pods-observ-observUITests-frameworks.sh\"\n";
			showEnvVarsInLog = 0;
		};
		DB2C19756CC288CBFDE0158E /* [CP] Check Pods Manifest.lock */ = {
			isa = PBXShellScriptBuildPhase;
			buildActionMask = 2147483647;
			files = (
			);
			inputFileListPaths = (
			);
			inputPaths = (
				"${PODS_PODFILE_DIR_PATH}/Podfile.lock",
				"${PODS_ROOT}/Manifest.lock",
			);
			name = "[CP] Check Pods Manifest.lock";
			outputFileListPaths = (
			);
			outputPaths = (
				"$(DERIVED_FILE_DIR)/Pods-observ-checkManifestLockResult.txt",
			);
			runOnlyForDeploymentPostprocessing = 0;
			shellPath = /bin/sh;
			shellScript = "diff \"${PODS_PODFILE_DIR_PATH}/Podfile.lock\" \"${PODS_ROOT}/Manifest.lock\" > /dev/null\nif [ $? != 0 ] ; then\n    # print error to STDERR\n    echo \"error: The sandbox is not in sync with the Podfile.lock. Run 'pod install' or update your CocoaPods installation.\" >&2\n    exit 1\nfi\n# This output is used by Xcode 'outputs' to avoid re-running this script phase.\necho \"SUCCESS\" > \"${SCRIPT_OUTPUT_FILE_0}\"\n";
			showEnvVarsInLog = 0;
		};
		FA01C590B858534EB377E917 /* [CP] Embed Pods Frameworks */ = {
			isa = PBXShellScriptBuildPhase;
			buildActionMask = 2147483647;
			files = (
			);
			inputFileListPaths = (
				"${PODS_ROOT}/Target Support Files/Pods-observ/Pods-observ-frameworks-${CONFIGURATION}-input-files.xcfilelist",
			);
			name = "[CP] Embed Pods Frameworks";
			outputFileListPaths = (
				"${PODS_ROOT}/Target Support Files/Pods-observ/Pods-observ-frameworks-${CONFIGURATION}-output-files.xcfilelist",
			);
			runOnlyForDeploymentPostprocessing = 0;
			shellPath = /bin/sh;
			shellScript = "\"${PODS_ROOT}/Target Support Files/Pods-observ/Pods-observ-frameworks.sh\"\n";
			showEnvVarsInLog = 0;
		};
/* End PBXShellScriptBuildPhase section */

/* Begin PBXSourcesBuildPhase section */
		D314B22D256A093A00A3FC86 /* Sources */ = {
			isa = PBXSourcesBuildPhase;
			buildActionMask = 2147483647;
			files = (
				D30CF151257CA79E001C176C /* DateUtils.swift in Sources */,
				D31063392585E17800546ECA /* UserDefaults+Struct.swift in Sources */,
				D30CF131257A52F1001C176C /* UIColor+.swift in Sources */,
				D314B273256CEBC200A3FC86 /* Article.swift in Sources */,
				D314B235256A093A00A3FC86 /* AppDelegate.swift in Sources */,
				D31062AE258238B400546ECA /* HomeViewController.swift in Sources */,
				D314B237256A093A00A3FC86 /* SceneDelegate.swift in Sources */,
				D30CF141257A548C001C176C /* String+leftPadding.swift in Sources */,
				D3B21D15258F1844002A170D /* CustomTabBarController.swift in Sources */,
				D31063312585DEFE00546ECA /* StarModel.swift in Sources */,
				D3B21D3C258F8AD5002A170D /* StarPresenter.swift in Sources */,
				D30CF139257A531E001C176C /* UIColor+hex.swift in Sources */,
				D3B21CC8258EEE37002A170D /* HomePresenter.swift in Sources */,
				D3106282258229DA00546ECA /* UIImage+resize.swift in Sources */,
				D3B21CC3258EEAE2002A170D /* StarViewController.swift in Sources */,
				D317C6D7257124D1001E8B26 /* ArticleTableViewCell.swift in Sources */,
				D314B269256A098E00A3FC86 /* ZennRSS.swift in Sources */,
				D30CF149257C7A44001C176C /* RSS.swift in Sources */,
			);
			runOnlyForDeploymentPostprocessing = 0;
		};
		D314B243256A093D00A3FC86 /* Sources */ = {
			isa = PBXSourcesBuildPhase;
			buildActionMask = 2147483647;
			files = (
				D314B24C256A093D00A3FC86 /* observTests.swift in Sources */,
			);
			runOnlyForDeploymentPostprocessing = 0;
		};
		D314B24E256A093D00A3FC86 /* Sources */ = {
			isa = PBXSourcesBuildPhase;
			buildActionMask = 2147483647;
			files = (
				D314B257256A093D00A3FC86 /* observUITests.swift in Sources */,
			);
			runOnlyForDeploymentPostprocessing = 0;
		};
/* End PBXSourcesBuildPhase section */

/* Begin PBXTargetDependency section */
		D314B249256A093D00A3FC86 /* PBXTargetDependency */ = {
			isa = PBXTargetDependency;
			target = D314B230256A093A00A3FC86 /* observ */;
			targetProxy = D314B248256A093D00A3FC86 /* PBXContainerItemProxy */;
		};
		D314B254256A093D00A3FC86 /* PBXTargetDependency */ = {
			isa = PBXTargetDependency;
			target = D314B230256A093A00A3FC86 /* observ */;
			targetProxy = D314B253256A093D00A3FC86 /* PBXContainerItemProxy */;
		};
/* End PBXTargetDependency section */

/* Begin PBXVariantGroup section */
		D314B23A256A093A00A3FC86 /* Main.storyboard */ = {
			isa = PBXVariantGroup;
			children = (
				D314B23B256A093A00A3FC86 /* Base */,
			);
			name = Main.storyboard;
			sourceTree = "<group>";
		};
		D314B23F256A093D00A3FC86 /* LaunchScreen.storyboard */ = {
			isa = PBXVariantGroup;
			children = (
				D314B240256A093D00A3FC86 /* Base */,
			);
			name = LaunchScreen.storyboard;
			sourceTree = "<group>";
		};
/* End PBXVariantGroup section */

/* Begin XCBuildConfiguration section */
		D314B259256A093D00A3FC86 /* Debug */ = {
			isa = XCBuildConfiguration;
			buildSettings = {
				ALWAYS_SEARCH_USER_PATHS = NO;
				CLANG_ANALYZER_NONNULL = YES;
				CLANG_ANALYZER_NUMBER_OBJECT_CONVERSION = YES_AGGRESSIVE;
				CLANG_CXX_LANGUAGE_STANDARD = "gnu++14";
				CLANG_CXX_LIBRARY = "libc++";
				CLANG_ENABLE_MODULES = YES;
				CLANG_ENABLE_OBJC_ARC = YES;
				CLANG_ENABLE_OBJC_WEAK = YES;
				CLANG_WARN_BLOCK_CAPTURE_AUTORELEASING = YES;
				CLANG_WARN_BOOL_CONVERSION = YES;
				CLANG_WARN_COMMA = YES;
				CLANG_WARN_CONSTANT_CONVERSION = YES;
				CLANG_WARN_DEPRECATED_OBJC_IMPLEMENTATIONS = YES;
				CLANG_WARN_DIRECT_OBJC_ISA_USAGE = YES_ERROR;
				CLANG_WARN_DOCUMENTATION_COMMENTS = YES;
				CLANG_WARN_EMPTY_BODY = YES;
				CLANG_WARN_ENUM_CONVERSION = YES;
				CLANG_WARN_INFINITE_RECURSION = YES;
				CLANG_WARN_INT_CONVERSION = YES;
				CLANG_WARN_NON_LITERAL_NULL_CONVERSION = YES;
				CLANG_WARN_OBJC_IMPLICIT_RETAIN_SELF = YES;
				CLANG_WARN_OBJC_LITERAL_CONVERSION = YES;
				CLANG_WARN_OBJC_ROOT_CLASS = YES_ERROR;
				CLANG_WARN_QUOTED_INCLUDE_IN_FRAMEWORK_HEADER = YES;
				CLANG_WARN_RANGE_LOOP_ANALYSIS = YES;
				CLANG_WARN_STRICT_PROTOTYPES = YES;
				CLANG_WARN_SUSPICIOUS_MOVE = YES;
				CLANG_WARN_UNGUARDED_AVAILABILITY = YES_AGGRESSIVE;
				CLANG_WARN_UNREACHABLE_CODE = YES;
				CLANG_WARN__DUPLICATE_METHOD_MATCH = YES;
				COPY_PHASE_STRIP = NO;
				DEBUG_INFORMATION_FORMAT = dwarf;
				ENABLE_STRICT_OBJC_MSGSEND = YES;
				ENABLE_TESTABILITY = YES;
				GCC_C_LANGUAGE_STANDARD = gnu11;
				GCC_DYNAMIC_NO_PIC = NO;
				GCC_NO_COMMON_BLOCKS = YES;
				GCC_OPTIMIZATION_LEVEL = 0;
				GCC_PREPROCESSOR_DEFINITIONS = (
					"DEBUG=1",
					"$(inherited)",
				);
				GCC_WARN_64_TO_32_BIT_CONVERSION = YES;
				GCC_WARN_ABOUT_RETURN_TYPE = YES_ERROR;
				GCC_WARN_UNDECLARED_SELECTOR = YES;
				GCC_WARN_UNINITIALIZED_AUTOS = YES_AGGRESSIVE;
				GCC_WARN_UNUSED_FUNCTION = YES;
				GCC_WARN_UNUSED_VARIABLE = YES;
				IPHONEOS_DEPLOYMENT_TARGET = 13.2;
				MTL_ENABLE_DEBUG_INFO = INCLUDE_SOURCE;
				MTL_FAST_MATH = YES;
				ONLY_ACTIVE_ARCH = YES;
				SDKROOT = iphoneos;
				SWIFT_ACTIVE_COMPILATION_CONDITIONS = DEBUG;
				SWIFT_OPTIMIZATION_LEVEL = "-Onone";
			};
			name = Debug;
		};
		D314B25A256A093D00A3FC86 /* Release */ = {
			isa = XCBuildConfiguration;
			buildSettings = {
				ALWAYS_SEARCH_USER_PATHS = NO;
				CLANG_ANALYZER_NONNULL = YES;
				CLANG_ANALYZER_NUMBER_OBJECT_CONVERSION = YES_AGGRESSIVE;
				CLANG_CXX_LANGUAGE_STANDARD = "gnu++14";
				CLANG_CXX_LIBRARY = "libc++";
				CLANG_ENABLE_MODULES = YES;
				CLANG_ENABLE_OBJC_ARC = YES;
				CLANG_ENABLE_OBJC_WEAK = YES;
				CLANG_WARN_BLOCK_CAPTURE_AUTORELEASING = YES;
				CLANG_WARN_BOOL_CONVERSION = YES;
				CLANG_WARN_COMMA = YES;
				CLANG_WARN_CONSTANT_CONVERSION = YES;
				CLANG_WARN_DEPRECATED_OBJC_IMPLEMENTATIONS = YES;
				CLANG_WARN_DIRECT_OBJC_ISA_USAGE = YES_ERROR;
				CLANG_WARN_DOCUMENTATION_COMMENTS = YES;
				CLANG_WARN_EMPTY_BODY = YES;
				CLANG_WARN_ENUM_CONVERSION = YES;
				CLANG_WARN_INFINITE_RECURSION = YES;
				CLANG_WARN_INT_CONVERSION = YES;
				CLANG_WARN_NON_LITERAL_NULL_CONVERSION = YES;
				CLANG_WARN_OBJC_IMPLICIT_RETAIN_SELF = YES;
				CLANG_WARN_OBJC_LITERAL_CONVERSION = YES;
				CLANG_WARN_OBJC_ROOT_CLASS = YES_ERROR;
				CLANG_WARN_QUOTED_INCLUDE_IN_FRAMEWORK_HEADER = YES;
				CLANG_WARN_RANGE_LOOP_ANALYSIS = YES;
				CLANG_WARN_STRICT_PROTOTYPES = YES;
				CLANG_WARN_SUSPICIOUS_MOVE = YES;
				CLANG_WARN_UNGUARDED_AVAILABILITY = YES_AGGRESSIVE;
				CLANG_WARN_UNREACHABLE_CODE = YES;
				CLANG_WARN__DUPLICATE_METHOD_MATCH = YES;
				COPY_PHASE_STRIP = NO;
				DEBUG_INFORMATION_FORMAT = "dwarf-with-dsym";
				ENABLE_NS_ASSERTIONS = NO;
				ENABLE_STRICT_OBJC_MSGSEND = YES;
				GCC_C_LANGUAGE_STANDARD = gnu11;
				GCC_NO_COMMON_BLOCKS = YES;
				GCC_WARN_64_TO_32_BIT_CONVERSION = YES;
				GCC_WARN_ABOUT_RETURN_TYPE = YES_ERROR;
				GCC_WARN_UNDECLARED_SELECTOR = YES;
				GCC_WARN_UNINITIALIZED_AUTOS = YES_AGGRESSIVE;
				GCC_WARN_UNUSED_FUNCTION = YES;
				GCC_WARN_UNUSED_VARIABLE = YES;
				IPHONEOS_DEPLOYMENT_TARGET = 13.2;
				MTL_ENABLE_DEBUG_INFO = NO;
				MTL_FAST_MATH = YES;
				SDKROOT = iphoneos;
				SWIFT_COMPILATION_MODE = wholemodule;
				SWIFT_OPTIMIZATION_LEVEL = "-O";
				VALIDATE_PRODUCT = YES;
			};
			name = Release;
		};
		D314B25C256A093D00A3FC86 /* Debug */ = {
			isa = XCBuildConfiguration;
			baseConfigurationReference = B90E963C1AE9B4D848F64752 /* Pods-observ.debug.xcconfig */;
			buildSettings = {
				ASSETCATALOG_COMPILER_APPICON_NAME = AppIcon;
				ASSETCATALOG_COMPILER_GLOBAL_ACCENT_COLOR_NAME = AccentColor;
				CODE_SIGN_ENTITLEMENTS = observ/observ.entitlements;
				CODE_SIGN_STYLE = Automatic;
				DEVELOPMENT_TEAM = XR3UW32WU4;
				INFOPLIST_FILE = observ/Info.plist;
				LD_RUNPATH_SEARCH_PATHS = (
					"$(inherited)",
					"@executable_path/Frameworks",
				);
				PRODUCT_BUNDLE_IDENTIFIER = com.hirossan4049.observ;
				PRODUCT_NAME = "$(TARGET_NAME)";
				SUPPORTS_MACCATALYST = YES;
				SWIFT_VERSION = 5.0;
				TARGETED_DEVICE_FAMILY = "1,2";
			};
			name = Debug;
		};
		D314B25D256A093D00A3FC86 /* Release */ = {
			isa = XCBuildConfiguration;
			baseConfigurationReference = D964EDAE7CDD5EA585A4CC32 /* Pods-observ.release.xcconfig */;
			buildSettings = {
				ASSETCATALOG_COMPILER_APPICON_NAME = AppIcon;
				ASSETCATALOG_COMPILER_GLOBAL_ACCENT_COLOR_NAME = AccentColor;
				CODE_SIGN_ENTITLEMENTS = observ/observ.entitlements;
				CODE_SIGN_STYLE = Automatic;
				DEVELOPMENT_TEAM = XR3UW32WU4;
				INFOPLIST_FILE = observ/Info.plist;
				LD_RUNPATH_SEARCH_PATHS = (
					"$(inherited)",
					"@executable_path/Frameworks",
				);
				PRODUCT_BUNDLE_IDENTIFIER = com.hirossan4049.observ;
				PRODUCT_NAME = "$(TARGET_NAME)";
				SUPPORTS_MACCATALYST = YES;
				SWIFT_VERSION = 5.0;
				TARGETED_DEVICE_FAMILY = "1,2";
			};
			name = Release;
		};
		D314B25F256A093D00A3FC86 /* Debug */ = {
			isa = XCBuildConfiguration;
			baseConfigurationReference = 23C6EFFBF5491E90AA252359 /* Pods-observTests.debug.xcconfig */;
			buildSettings = {
				ALWAYS_EMBED_SWIFT_STANDARD_LIBRARIES = YES;
				BUNDLE_LOADER = "$(TEST_HOST)";
				CODE_SIGN_STYLE = Automatic;
				INFOPLIST_FILE = observTests/Info.plist;
				IPHONEOS_DEPLOYMENT_TARGET = 14.1;
				LD_RUNPATH_SEARCH_PATHS = (
					"$(inherited)",
					"@executable_path/Frameworks",
					"@loader_path/Frameworks",
				);
				PRODUCT_BUNDLE_IDENTIFIER = com.hirossan4049.observTests;
				PRODUCT_NAME = "$(TARGET_NAME)";
				SWIFT_VERSION = 5.0;
				TARGETED_DEVICE_FAMILY = "1,2";
				TEST_HOST = "$(BUILT_PRODUCTS_DIR)/observ.app/observ";
			};
			name = Debug;
		};
		D314B260256A093D00A3FC86 /* Release */ = {
			isa = XCBuildConfiguration;
			baseConfigurationReference = BE5C799414B41CFCBBF37F16 /* Pods-observTests.release.xcconfig */;
			buildSettings = {
				ALWAYS_EMBED_SWIFT_STANDARD_LIBRARIES = YES;
				BUNDLE_LOADER = "$(TEST_HOST)";
				CODE_SIGN_STYLE = Automatic;
				INFOPLIST_FILE = observTests/Info.plist;
				IPHONEOS_DEPLOYMENT_TARGET = 14.1;
				LD_RUNPATH_SEARCH_PATHS = (
					"$(inherited)",
					"@executable_path/Frameworks",
					"@loader_path/Frameworks",
				);
				PRODUCT_BUNDLE_IDENTIFIER = com.hirossan4049.observTests;
				PRODUCT_NAME = "$(TARGET_NAME)";
				SWIFT_VERSION = 5.0;
				TARGETED_DEVICE_FAMILY = "1,2";
				TEST_HOST = "$(BUILT_PRODUCTS_DIR)/observ.app/observ";
			};
			name = Release;
		};
		D314B262256A093D00A3FC86 /* Debug */ = {
			isa = XCBuildConfiguration;
			baseConfigurationReference = 7B12D528AC2691431E51B2CB /* Pods-observ-observUITests.debug.xcconfig */;
			buildSettings = {
				ALWAYS_EMBED_SWIFT_STANDARD_LIBRARIES = YES;
				CODE_SIGN_STYLE = Automatic;
				INFOPLIST_FILE = observUITests/Info.plist;
				LD_RUNPATH_SEARCH_PATHS = (
					"$(inherited)",
					"@executable_path/Frameworks",
					"@loader_path/Frameworks",
				);
				PRODUCT_BUNDLE_IDENTIFIER = com.hirossan4049.observUITests;
				PRODUCT_NAME = "$(TARGET_NAME)";
				SWIFT_VERSION = 5.0;
				TARGETED_DEVICE_FAMILY = "1,2";
				TEST_TARGET_NAME = observ;
			};
			name = Debug;
		};
		D314B263256A093D00A3FC86 /* Release */ = {
			isa = XCBuildConfiguration;
			baseConfigurationReference = 08425140C460100693FCCE7E /* Pods-observ-observUITests.release.xcconfig */;
			buildSettings = {
				ALWAYS_EMBED_SWIFT_STANDARD_LIBRARIES = YES;
				CODE_SIGN_STYLE = Automatic;
				INFOPLIST_FILE = observUITests/Info.plist;
				LD_RUNPATH_SEARCH_PATHS = (
					"$(inherited)",
					"@executable_path/Frameworks",
					"@loader_path/Frameworks",
				);
				PRODUCT_BUNDLE_IDENTIFIER = com.hirossan4049.observUITests;
				PRODUCT_NAME = "$(TARGET_NAME)";
				SWIFT_VERSION = 5.0;
				TARGETED_DEVICE_FAMILY = "1,2";
				TEST_TARGET_NAME = observ;
			};
			name = Release;
		};
/* End XCBuildConfiguration section */

/* Begin XCConfigurationList section */
		D314B22C256A093A00A3FC86 /* Build configuration list for PBXProject "observ" */ = {
			isa = XCConfigurationList;
			buildConfigurations = (
				D314B259256A093D00A3FC86 /* Debug */,
				D314B25A256A093D00A3FC86 /* Release */,
			);
			defaultConfigurationIsVisible = 0;
			defaultConfigurationName = Release;
		};
		D314B25B256A093D00A3FC86 /* Build configuration list for PBXNativeTarget "observ" */ = {
			isa = XCConfigurationList;
			buildConfigurations = (
				D314B25C256A093D00A3FC86 /* Debug */,
				D314B25D256A093D00A3FC86 /* Release */,
			);
			defaultConfigurationIsVisible = 0;
			defaultConfigurationName = Release;
		};
		D314B25E256A093D00A3FC86 /* Build configuration list for PBXNativeTarget "observTests" */ = {
			isa = XCConfigurationList;
			buildConfigurations = (
				D314B25F256A093D00A3FC86 /* Debug */,
				D314B260256A093D00A3FC86 /* Release */,
			);
			defaultConfigurationIsVisible = 0;
			defaultConfigurationName = Release;
		};
		D314B261256A093D00A3FC86 /* Build configuration list for PBXNativeTarget "observUITests" */ = {
			isa = XCConfigurationList;
			buildConfigurations = (
				D314B262256A093D00A3FC86 /* Debug */,
				D314B263256A093D00A3FC86 /* Release */,
			);
			defaultConfigurationIsVisible = 0;
			defaultConfigurationName = Release;
		};
/* End XCConfigurationList section */
	};
	rootObject = D314B229256A093A00A3FC86 /* Project object */;
}
